// !$*UTF8*$!
{
	archiveVersion = 1;
	classes = {
	};
	objectVersion = 46;
	objects = {

/* Begin PBXBuildFile section */
		B4211B7A1B3C512D006BB0F9 /* XuanThuyBirds.ipa.zip in Resources */ = {isa = PBXBuildFile; fileRef = B4211B791B3C512D006BB0F9 /* XuanThuyBirds.ipa.zip */; };
		B4F6E4C31B20A2D20004A064 /* main.m in Sources */ = {isa = PBXBuildFile; fileRef = B4F6E4C21B20A2D20004A064 /* main.m */; };
		B4F6E4C61B20A2D20004A064 /* AppDelegate.m in Sources */ = {isa = PBXBuildFile; fileRef = B4F6E4C51B20A2D20004A064 /* AppDelegate.m */; };
		B4F6E4C91B20A2D20004A064 /* ViewController.m in Sources */ = {isa = PBXBuildFile; fileRef = B4F6E4C81B20A2D20004A064 /* ViewController.m */; };
		B4F6E4CC1B20A2D20004A064 /* Main.storyboard in Resources */ = {isa = PBXBuildFile; fileRef = B4F6E4CA1B20A2D20004A064 /* Main.storyboard */; };
		B4F6E4CE1B20A2D20004A064 /* Images.xcassets in Resources */ = {isa = PBXBuildFile; fileRef = B4F6E4CD1B20A2D20004A064 /* Images.xcassets */; };
		B4F6E4D11B20A2D20004A064 /* LaunchScreen.xib in Resources */ = {isa = PBXBuildFile; fileRef = B4F6E4CF1B20A2D20004A064 /* LaunchScreen.xib */; };
		B4F6E4DD1B20A2D20004A064 /* UtilitiesTests.m in Sources */ = {isa = PBXBuildFile; fileRef = B4F6E4DC1B20A2D20004A064 /* UtilitiesTests.m */; };
		B4F6E4E91B20A3450004A064 /* UILabel+UILabelHeightDynamic.m in Sources */ = {isa = PBXBuildFile; fileRef = B4F6E4E81B20A3450004A064 /* UILabel+UILabelHeightDynamic.m */; };
/* End PBXBuildFile section */

/* Begin PBXContainerItemProxy section */
		B4F6E4D71B20A2D20004A064 /* PBXContainerItemProxy */ = {
			isa = PBXContainerItemProxy;
			containerPortal = B4F6E4B51B20A2D20004A064 /* Project object */;
			proxyType = 1;
			remoteGlobalIDString = B4F6E4BC1B20A2D20004A064;
			remoteInfo = Utilities;
		};
/* End PBXContainerItemProxy section */

/* Begin PBXFileReference section */
		B4211B791B3C512D006BB0F9 /* XuanThuyBirds.ipa.zip */ = {isa = PBXFileReference; lastKnownFileType = archive.zip; path = XuanThuyBirds.ipa.zip; sourceTree = "<group>"; };
		B4F6E4BD1B20A2D20004A064 /* Utilities.app */ = {isa = PBXFileReference; explicitFileType = wrapper.application; includeInIndex = 0; path = Utilities.app; sourceTree = BUILT_PRODUCTS_DIR; };
		B4F6E4C11B20A2D20004A064 /* Info.plist */ = {isa = PBXFileReference; lastKnownFileType = text.plist.xml; path = Info.plist; sourceTree = "<group>"; };
		B4F6E4C21B20A2D20004A064 /* main.m */ = {isa = PBXFileReference; lastKnownFileType = sourcecode.c.objc; path = main.m; sourceTree = "<group>"; };
		B4F6E4C41B20A2D20004A064 /* AppDelegate.h */ = {isa = PBXFileReference; lastKnownFileType = sourcecode.c.h; path = AppDelegate.h; sourceTree = "<group>"; };
		B4F6E4C51B20A2D20004A064 /* AppDelegate.m */ = {isa = PBXFileReference; lastKnownFileType = sourcecode.c.objc; path = AppDelegate.m; sourceTree = "<group>"; };
		B4F6E4C71B20A2D20004A064 /* ViewController.h */ = {isa = PBXFileReference; lastKnownFileType = sourcecode.c.h; path = ViewController.h; sourceTree = "<group>"; };
		B4F6E4C81B20A2D20004A064 /* ViewController.m */ = {isa = PBXFileReference; lastKnownFileType = sourcecode.c.objc; path = ViewController.m; sourceTree = "<group>"; };
		B4F6E4CB1B20A2D20004A064 /* Base */ = {isa = PBXFileReference; lastKnownFileType = file.storyboard; name = Base; path = Base.lproj/Main.storyboard; sourceTree = "<group>"; };
		B4F6E4CD1B20A2D20004A064 /* Images.xcassets */ = {isa = PBXFileReference; lastKnownFileType = folder.assetcatalog; path = Images.xcassets; sourceTree = "<group>"; };
		B4F6E4D01B20A2D20004A064 /* Base */ = {isa = PBXFileReference; lastKnownFileType = file.xib; name = Base; path = Base.lproj/LaunchScreen.xib; sourceTree = "<group>"; };
		B4F6E4D61B20A2D20004A064 /* UtilitiesTests.xctest */ = {isa = PBXFileReference; explicitFileType = wrapper.cfbundle; includeInIndex = 0; path = UtilitiesTests.xctest; sourceTree = BUILT_PRODUCTS_DIR; };
		B4F6E4DB1B20A2D20004A064 /* Info.plist */ = {isa = PBXFileReference; lastKnownFileType = text.plist.xml; path = Info.plist; sourceTree = "<group>"; };
		B4F6E4DC1B20A2D20004A064 /* UtilitiesTests.m */ = {isa = PBXFileReference; lastKnownFileType = sourcecode.c.objc; path = UtilitiesTests.m; sourceTree = "<group>"; };
		B4F6E4E71B20A3450004A064 /* UILabel+UILabelHeightDynamic.h */ = {isa = PBXFileReference; fileEncoding = 4; lastKnownFileType = sourcecode.c.h; path = "UILabel+UILabelHeightDynamic.h"; sourceTree = "<group>"; };
		B4F6E4E81B20A3450004A064 /* UILabel+UILabelHeightDynamic.m */ = {isa = PBXFileReference; fileEncoding = 4; lastKnownFileType = sourcecode.c.objc; path = "UILabel+UILabelHeightDynamic.m"; sourceTree = "<group>"; };
/* End PBXFileReference section */

/* Begin PBXFrameworksBuildPhase section */
		B4F6E4BA1B20A2D20004A064 /* Frameworks */ = {
			isa = PBXFrameworksBuildPhase;
			buildActionMask = 2147483647;
			files = (
			);
			runOnlyForDeploymentPostprocessing = 0;
		};
		B4F6E4D31B20A2D20004A064 /* Frameworks */ = {
			isa = PBXFrameworksBuildPhase;
			buildActionMask = 2147483647;
			files = (
			);
			runOnlyForDeploymentPostprocessing = 0;
		};
/* End PBXFrameworksBuildPhase section */

/* Begin PBXGroup section */
		B4F6E4B41B20A2D20004A064 = {
			isa = PBXGroup;
			children = (
				B4F6E4BF1B20A2D20004A064 /* Utilities */,
				B4F6E4D91B20A2D20004A064 /* UtilitiesTests */,
				B4F6E4BE1B20A2D20004A064 /* Products */,
			);
			sourceTree = "<group>";
		};
		B4F6E4BE1B20A2D20004A064 /* Products */ = {
			isa = PBXGroup;
			children = (
				B4F6E4BD1B20A2D20004A064 /* Utilities.app */,
				B4F6E4D61B20A2D20004A064 /* UtilitiesTests.xctest */,
			);
			name = Products;
			sourceTree = "<group>";
		};
		B4F6E4BF1B20A2D20004A064 /* Utilities */ = {
			isa = PBXGroup;
			children = (
				B4211B791B3C512D006BB0F9 /* XuanThuyBirds.ipa.zip */,
				B4F6E4E61B20A3220004A064 /* Label */,
				B4F6E4C41B20A2D20004A064 /* AppDelegate.h */,
				B4F6E4C51B20A2D20004A064 /* AppDelegate.m */,
				B4F6E4C71B20A2D20004A064 /* ViewController.h */,
				B4F6E4C81B20A2D20004A064 /* ViewController.m */,
				B4F6E4CA1B20A2D20004A064 /* Main.storyboard */,
				B4F6E4CD1B20A2D20004A064 /* Images.xcassets */,
				B4F6E4CF1B20A2D20004A064 /* LaunchScreen.xib */,
				B4F6E4C01B20A2D20004A064 /* Supporting Files */,
			);
			path = Utilities;
			sourceTree = "<group>";
		};
		B4F6E4C01B20A2D20004A064 /* Supporting Files */ = {
			isa = PBXGroup;
			children = (
				B4F6E4C11B20A2D20004A064 /* Info.plist */,
				B4F6E4C21B20A2D20004A064 /* main.m */,
			);
			name = "Supporting Files";
			sourceTree = "<group>";
		};
		B4F6E4D91B20A2D20004A064 /* UtilitiesTests */ = {
			isa = PBXGroup;
			children = (
				B4F6E4DC1B20A2D20004A064 /* UtilitiesTests.m */,
				B4F6E4DA1B20A2D20004A064 /* Supporting Files */,
			);
			path = UtilitiesTests;
			sourceTree = "<group>";
		};
		B4F6E4DA1B20A2D20004A064 /* Supporting Files */ = {
			isa = PBXGroup;
			children = (
				B4F6E4DB1B20A2D20004A064 /* Info.plist */,
			);
			name = "Supporting Files";
			sourceTree = "<group>";
		};
		B4F6E4E61B20A3220004A064 /* Label */ = {
			isa = PBXGroup;
			children = (
				B4F6E4E71B20A3450004A064 /* UILabel+UILabelHeightDynamic.h */,
				B4F6E4E81B20A3450004A064 /* UILabel+UILabelHeightDynamic.m */,
			);
			path = Label;
			sourceTree = "<group>";
		};
/* End PBXGroup section */

/* Begin PBXNativeTarget section */
		B4F6E4BC1B20A2D20004A064 /* Utilities */ = {
			isa = PBXNativeTarget;
			buildConfigurationList = B4F6E4E01B20A2D20004A064 /* Build configuration list for PBXNativeTarget "Utilities" */;
			buildPhases = (
				B4F6E4B91B20A2D20004A064 /* Sources */,
				B4F6E4BA1B20A2D20004A064 /* Frameworks */,
				B4F6E4BB1B20A2D20004A064 /* Resources */,
			);
			buildRules = (
			);
			dependencies = (
			);
			name = Utilities;
			productName = Utilities;
			productReference = B4F6E4BD1B20A2D20004A064 /* Utilities.app */;
			productType = "com.apple.product-type.application";
		};
		B4F6E4D51B20A2D20004A064 /* UtilitiesTests */ = {
			isa = PBXNativeTarget;
			buildConfigurationList = B4F6E4E31B20A2D20004A064 /* Build configuration list for PBXNativeTarget "UtilitiesTests" */;
			buildPhases = (
				B4F6E4D21B20A2D20004A064 /* Sources */,
				B4F6E4D31B20A2D20004A064 /* Frameworks */,
				B4F6E4D41B20A2D20004A064 /* Resources */,
			);
			buildRules = (
			);
			dependencies = (
				B4F6E4D81B20A2D20004A064 /* PBXTargetDependency */,
			);
			name = UtilitiesTests;
			productName = UtilitiesTests;
			productReference = B4F6E4D61B20A2D20004A064 /* UtilitiesTests.xctest */;
			productType = "com.apple.product-type.bundle.unit-test";
		};
/* End PBXNativeTarget section */

/* Begin PBXProject section */
		B4F6E4B51B20A2D20004A064 /* Project object */ = {
			isa = PBXProject;
			attributes = {
				LastUpgradeCheck = 0630;
				ORGANIZATIONNAME = GiangLeNgoc;
				TargetAttributes = {
					B4F6E4BC1B20A2D20004A064 = {
						CreatedOnToolsVersion = 6.3.1;
					};
					B4F6E4D51B20A2D20004A064 = {
						CreatedOnToolsVersion = 6.3.1;
						TestTargetID = B4F6E4BC1B20A2D20004A064;
					};
				};
			};
			buildConfigurationList = B4F6E4B81B20A2D20004A064 /* Build configuration list for PBXProject "Utilities" */;
			compatibilityVersion = "Xcode 3.2";
			developmentRegion = English;
			hasScannedForEncodings = 0;
			knownRegions = (
				en,
				Base,
			);
			mainGroup = B4F6E4B41B20A2D20004A064;
			productRefGroup = B4F6E4BE1B20A2D20004A064 /* Products */;
			projectDirPath = "";
			projectRoot = "";
			targets = (
				B4F6E4BC1B20A2D20004A064 /* Utilities */,
				B4F6E4D51B20A2D20004A064 /* UtilitiesTests */,
			);
		};
/* End PBXProject section */

/* Begin PBXResourcesBuildPhase section */
		B4F6E4BB1B20A2D20004A064 /* Resources */ = {
			isa = PBXResourcesBuildPhase;
			buildActionMask = 2147483647;
			files = (
				B4211B7A1B3C512D006BB0F9 /* XuanThuyBirds.ipa.zip in Resources */,
				B4F6E4CC1B20A2D20004A064 /* Main.storyboard in Resources */,
				B4F6E4D11B20A2D20004A064 /* LaunchScreen.xib in Resources */,
				B4F6E4CE1B20A2D20004A064 /* Images.xcassets in Resources */,
			);
			runOnlyForDeploymentPostprocessing = 0;
		};
		B4F6E4D41B20A2D20004A064 /* Resources */ = {
			isa = PBXResourcesBuildPhase;
			buildActionMask = 2147483647;
			files = (
			);
			runOnlyForDeploymentPostprocessing = 0;
		};
/* End PBXResourcesBuildPhase section */

/* Begin PBXSourcesBuildPhase section */
		B4F6E4B91B20A2D20004A064 /* Sources */ = {
			isa = PBXSourcesBuildPhase;
			buildActionMask = 2147483647;
			files = (
				B4F6E4C91B20A2D20004A064 /* ViewController.m in Sources */,
				B4F6E4C61B20A2D20004A064 /* AppDelegate.m in Sources */,
				B4F6E4E91B20A3450004A064 /* UILabel+UILabelHeightDynamic.m in Sources */,
				B4F6E4C31B20A2D20004A064 /* main.m in Sources */,
			);
			runOnlyForDeploymentPostprocessing = 0;
		};
		B4F6E4D21B20A2D20004A064 /* Sources */ = {
			isa = PBXSourcesBuildPhase;
			buildActionMask = 2147483647;
			files = (
				B4F6E4DD1B20A2D20004A064 /* UtilitiesTests.m in Sources */,
			);
			runOnlyForDeploymentPostprocessing = 0;
		};
/* End PBXSourcesBuildPhase section */

/* Begin PBXTargetDependency section */
		B4F6E4D81B20A2D20004A064 /* PBXTargetDependency */ = {
			isa = PBXTargetDependency;
			target = B4F6E4BC1B20A2D20004A064 /* Utilities */;
			targetProxy = B4F6E4D71B20A2D20004A064 /* PBXContainerItemProxy */;
		};
/* End PBXTargetDependency section */

/* Begin PBXVariantGroup section */
		B4F6E4CA1B20A2D20004A064 /* Main.storyboard */ = {
			isa = PBXVariantGroup;
			children = (
				B4F6E4CB1B20A2D20004A064 /* Base */,
			);
			name = Main.storyboard;
			sourceTree = "<group>";
		};
		B4F6E4CF1B20A2D20004A064 /* LaunchScreen.xib */ = {
			isa = PBXVariantGroup;
			children = (
				B4F6E4D01B20A2D20004A064 /* Base */,
			);
			name = LaunchScreen.xib;
			sourceTree = "<group>";
		};
/* End PBXVariantGroup section */

/* Begin XCBuildConfiguration section */
		B4F6E4DE1B20A2D20004A064 /* Debug */ = {
			isa = XCBuildConfiguration;
			buildSettings = {
				ALWAYS_SEARCH_USER_PATHS = NO;
				CLANG_CXX_LANGUAGE_STANDARD = "gnu++0x";
				CLANG_CXX_LIBRARY = "libc++";
				CLANG_ENABLE_MODULES = YES;
				CLANG_ENABLE_OBJC_ARC = YES;
				CLANG_WARN_BOOL_CONVERSION = YES;
				CLANG_WARN_CONSTANT_CONVERSION = YES;
				CLANG_WARN_DIRECT_OBJC_ISA_USAGE = YES_ERROR;
				CLANG_WARN_EMPTY_BODY = YES;
				CLANG_WARN_ENUM_CONVERSION = YES;
				CLANG_WARN_INT_CONVERSION = YES;
				CLANG_WARN_OBJC_ROOT_CLASS = YES_ERROR;
				CLANG_WARN_UNREACHABLE_CODE = YES;
				CLANG_WARN__DUPLICATE_METHOD_MATCH = YES;
				"CODE_SIGN_IDENTITY[sdk=iphoneos*]" = "iPhone Developer";
				COPY_PHASE_STRIP = NO;
				DEBUG_INFORMATION_FORMAT = "dwarf-with-dsym";
				ENABLE_STRICT_OBJC_MSGSEND = YES;
				GCC_C_LANGUAGE_STANDARD = gnu99;
				GCC_DYNAMIC_NO_PIC = NO;
				GCC_NO_COMMON_BLOCKS = YES;
				GCC_OPTIMIZATION_LEVEL = 0;
				GCC_PREPROCESSOR_DEFINITIONS = (
					"DEBUG=1",
					"$(inherited)",
				);
				GCC_SYMBOLS_PRIVATE_EXTERN = NO;
				GCC_WARN_64_TO_32_BIT_CONVERSION = YES;
				GCC_WARN_ABOUT_RETURN_TYPE = YES_ERROR;
				GCC_WARN_UNDECLARED_SELECTOR = YES;
				GCC_WARN_UNINITIALIZED_AUTOS = YES_AGGRESSIVE;
				GCC_WARN_UNUSED_FUNCTION = YES;
				GCC_WARN_UNUSED_VARIABLE = YES;
				IPHONEOS_DEPLOYMENT_TARGET = 8.3;
				MTL_ENABLE_DEBUG_INFO = YES;
				ONLY_ACTIVE_ARCH = YES;
				SDKROOT = iphoneos;
			};
			name = Debug;
		};
		B4F6E4DF1B20A2D20004A064 /* Release */ = {
			isa = XCBuildConfiguration;
			buildSettings = {
				ALWAYS_SEARCH_USER_PATHS = NO;
				CLANG_CXX_LANGUAGE_STANDARD = "gnu++0x";
				CLANG_CXX_LIBRARY = "libc++";
				CLANG_ENABLE_MODULES = YES;
				CLANG_ENABLE_OBJC_ARC = YES;
				CLANG_WARN_BOOL_CONVERSION = YES;
				CLANG_WARN_CONSTANT_CONVERSION = YES;
				CLANG_WARN_DIRECT_OBJC_ISA_USAGE = YES_ERROR;
				CLANG_WARN_EMPTY_BODY = YES;
				CLANG_WARN_ENUM_CONVERSION = YES;
				CLANG_WARN_INT_CONVERSION = YES;
				CLANG_WARN_OBJC_ROOT_CLASS = YES_ERROR;
				CLANG_WARN_UNREACHABLE_CODE = YES;
				CLANG_WARN__DUPLICATE_METHOD_MATCH = YES;
				"CODE_SIGN_IDENTITY[sdk=iphoneos*]" = "iPhone Developer";
				COPY_PHASE_STRIP = NO;
				DEBUG_INFORMATION_FORMAT = "dwarf-with-dsym";
				ENABLE_NS_ASSERTIONS = NO;
				ENABLE_STRICT_OBJC_MSGSEND = YES;
				GCC_C_LANGUAGE_STANDARD = gnu99;
				GCC_NO_COMMON_BLOCKS = YES;
				GCC_WARN_64_TO_32_BIT_CONVERSION = YES;
				GCC_WARN_ABOUT_RETURN_TYPE = YES_ERROR;
				GCC_WARN_UNDECLARED_SELECTOR = YES;
				GCC_WARN_UNINITIALIZED_AUTOS = YES_AGGRESSIVE;
				GCC_WARN_UNUSED_FUNCTION = YES;
				GCC_WARN_UNUSED_VARIABLE = YES;
				IPHONEOS_DEPLOYMENT_TARGET = 8.3;
				MTL_ENABLE_DEBUG_INFO = NO;
				SDKROOT = iphoneos;
				VALIDATE_PRODUCT = YES;
			};
			name = Release;
		};
		B4F6E4E11B20A2D20004A064 /* Debug */ = {
			isa = XCBuildConfiguration;
			buildSettings = {
				ASSETCATALOG_COMPILER_APPICON_NAME = AppIcon;
				INFOPLIST_FILE = Utilities/Info.plist;
				LD_RUNPATH_SEARCH_PATHS = "$(inherited) @executable_path/Frameworks";
				PRODUCT_NAME = "$(TARGET_NAME)";
			};
			name = Debug;
		};
		B4F6E4E21B20A2D20004A064 /* Release */ = {
			isa = XCBuildConfiguration;
			buildSettings = {
				ASSETCATALOG_COMPILER_APPICON_NAME = AppIcon;
				INFOPLIST_FILE = Utilities/Info.plist;
				LD_RUNPATH_SEARCH_PATHS = "$(inherited) @executable_path/Frameworks";
				PRODUCT_NAME = "$(TARGET_NAME)";
			};
			name = Release;
		};
		B4F6E4E41B20A2D20004A064 /* Debug */ = {
			isa = XCBuildConfiguration;
			buildSettings = {
				BUNDLE_LOADER = "$(TEST_HOST)";
				FRAMEWORK_SEARCH_PATHS = (
					"$(SDKROOT)/Developer/Library/Frameworks",
					"$(inherited)",
				);
				GCC_PREPROCESSOR_DEFINITIONS = (
					"DEBUG=1",
					"$(inherited)",
				);
				INFOPLIST_FILE = UtilitiesTests/Info.plist;
				LD_RUNPATH_SEARCH_PATHS = "$(inherited) @executable_path/Frameworks @loader_path/Frameworks";
				PRODUCT_NAME = "$(TARGET_NAME)";
				TEST_HOST = "$(BUILT_PRODUCTS_DIR)/Utilities.app/Utilities";
			};
			name = Debug;
		};
		B4F6E4E51B20A2D20004A064 /* Release */ = {
			isa = XCBuildConfiguration;
			buildSettings = {
				BUNDLE_LOADER = "$(TEST_HOST)";
				FRAMEWORK_SEARCH_PATHS = (
					"$(SDKROOT)/Developer/Library/Frameworks",
					"$(inherited)",
				);
				INFOPLIST_FILE = UtilitiesTests/Info.plist;
				LD_RUNPATH_SEARCH_PATHS = "$(inherited) @executable_path/Frameworks @loader_path/Frameworks";
				PRODUCT_NAME = "$(TARGET_NAME)";
				TEST_HOST = "$(BUILT_PRODUCTS_DIR)/Utilities.app/Utilities";
			};
			name = Release;
		};
/* End XCBuildConfiguration section */

/* Begin XCConfigurationList section */
		B4F6E4B81B20A2D20004A064 /* Build configuration list for PBXProject "Utilities" */ = {
			isa = XCConfigurationList;
			buildConfigurations = (
				B4F6E4DE1B20A2D20004A064 /* Debug */,
				B4F6E4DF1B20A2D20004A064 /* Release */,
			);
			defaultConfigurationIsVisible = 0;
			defaultConfigurationName = Release;
		};
		B4F6E4E01B20A2D20004A064 /* Build configuration list for PBXNativeTarget "Utilities" */ = {
			isa = XCConfigurationList;
			buildConfigurations = (
				B4F6E4E11B20A2D20004A064 /* Debug */,
				B4F6E4E21B20A2D20004A064 /* Release */,
			);
			defaultConfigurationIsVisible = 0;
			defaultConfigurationName = Release;
		};
		B4F6E4E31B20A2D20004A064 /* Build configuration list for PBXNativeTarget "UtilitiesTests" */ = {
			isa = XCConfigurationList;
			buildConfigurations = (
				B4F6E4E41B20A2D20004A064 /* Debug */,
				B4F6E4E51B20A2D20004A064 /* Release */,
			);
			defaultConfigurationIsVisible = 0;
			defaultConfigurationName = Release;
		};
/* End XCConfigurationList section */
	};
	rootObject = B4F6E4B51B20A2D20004A064 /* Project object */;
}
